name: Release phaselock

on:
  push:
    tags:
      - "v*"

permissions:
  contents: write
  actions: read

jobs:
  release:
    runs-on: ubuntu-latest
    steps:
      - uses: actions/checkout@3d3c42e5aac5ba805825da76410c181273ba90b1

      - uses: actions/setup-python@ece7cb06caefa5fff74198d8649806c4678c61a1
        with:
          python-version: "3.13"

      - name: Require all test workflows to be green
        env:
          GITHUB_TOKEN: ${{ github.token }}
        run: |
          python .github/scripts/require_green_workflows.py \
            --workflow "Test"

      - name: Install build tools
        run: pip install build

      - name: Build sdist and wheel
        run: python -m build

      - name: Create GitHub Release
        uses: softprops/action-gh-release@718ea10b132b3b2eba29c1007bb80653f286566b
        with:
          files: dist/*
          generate_release_notes: true
